
Microsoft Visual Studio Solution File, Format Version 12.00
# Visual Studio 14
VisualStudioVersion = 14.0.25420.1
MinimumVisualStudioVersion = 10.0.40219.1
Project("{FAE04EC0-301F-11D3-BF4B-00C04F79EFBC}") = "Logic", "Logic\Logic.csproj", "{0CA57E20-C6DD-4598-99C1-D8A0BA63953C}"
EndProject
Project("{FAE04EC0-301F-11D3-BF4B-00C04F79EFBC}") = "Logic.Tests", "Logic.Tests\Logic.Tests.csproj", "{A1B81B7E-9789-40C1-8496-4A8DA1931DBC}"
EndProject
Global
	GlobalSection(SolutionConfigurationPlatforms) = preSolution
		Debug|Any CPU = Debug|Any CPU
		Release|Any CPU = Release|Any CPU
	EndGlobalSection
	GlobalSection(ProjectConfigurationPlatforms) = postSolution
		{0CA57E20-C6DD-4598-99C1-D8A0BA63953C}.Debug|Any CPU.ActiveCfg = Debug|Any CPU
		{0CA57E20-C6DD-4598-99C1-D8A0BA63953C}.Debug|Any CPU.Build.0 = Debug|Any CPU
		{0CA57E20-C6DD-4598-99C1-D8A0BA63953C}.Release|Any CPU.ActiveCfg = Release|Any CPU
		{0CA57E20-C6DD-4598-99C1-D8A0BA63953C}.Release|Any CPU.Build.0 = Release|Any CPU
		{A1B81B7E-9789-40C1-8496-4A8DA1931DBC}.Debug|Any CPU.ActiveCfg = Debug|Any CPU
		{A1B81B7E-9789-40C1-8496-4A8DA1931DBC}.Debug|Any CPU.Build.0 = Debug|Any CPU
		{A1B81B7E-9789-40C1-8496-4A8DA1931DBC}.Release|Any CPU.ActiveCfg = Release|Any CPU
		{A1B81B7E-9789-40C1-8496-4A8DA1931DBC}.Release|Any CPU.Build.0 = Release|Any CPU
	EndGlobalSection
	GlobalSection(SolutionProperties) = preSolution
		HideSolutionNode = FALSE
	EndGlobalSection
EndGlobal
